
Microsoft Visual Studio Solution File, Format Version 12.00
# Visual Studio 15
Project("{FAE04EC0-301F-11D3-BF4B-00C04F79EFBC}") = "Assembly-CSharp-firstpass", "Assembly-CSharp-firstpass.csproj", "{BF5B127F-69AD-8C51-B75F-122B02C1A7CF}"
EndProject
Project("{FAE04EC0-301F-11D3-BF4B-00C04F79EFBC}") = "Assembly-CSharp", "Assembly-CSharp.csproj", "{2935EC5D-1C84-7051-1079-619E51F290FE}"
EndProject
Global
	GlobalSection(SolutionConfigurationPlatforms) = preSolution
		Debug|Any CPU = Debug|Any CPU
		Release|Any CPU = Release|Any CPU
	EndGlobalSection
	GlobalSection(ProjectConfigurationPlatforms) = postSolution
		{BF5B127F-69AD-8C51-B75F-122B02C1A7CF}.Debug|Any CPU.ActiveCfg = Debug|Any CPU
		{BF5B127F-69AD-8C51-B75F-122B02C1A7CF}.Debug|Any CPU.Build.0 = Debug|Any CPU
		{BF5B127F-69AD-8C51-B75F-122B02C1A7CF}.Release|Any CPU.ActiveCfg = Release|Any CPU
		{BF5B127F-69AD-8C51-B75F-122B02C1A7CF}.Release|Any CPU.Build.0 = Release|Any CPU
		{2935EC5D-1C84-7051-1079-619E51F290FE}.Debug|Any CPU.ActiveCfg = Debug|Any CPU
		{2935EC5D-1C84-7051-1079-619E51F290FE}.Debug|Any CPU.Build.0 = Debug|Any CPU
		{2935EC5D-1C84-7051-1079-619E51F290FE}.Release|Any CPU.ActiveCfg = Release|Any CPU
		{2935EC5D-1C84-7051-1079-619E51F290FE}.Release|Any CPU.Build.0 = Release|Any CPU
	EndGlobalSection
	GlobalSection(SolutionProperties) = preSolution
		HideSolutionNode = FALSE
	EndGlobalSection
EndGlobal
